
Microsoft Visual Studio Solution File, Format Version 12.00
# Visual Studio 15
VisualStudioVersion = 15.0.27428.2015
MinimumVisualStudioVersion = 10.0.40219.1
Project("{FAE04EC0-301F-11D3-BF4B-00C04F79EFBC}") = "NewsBarHCI", "NewsBarHCI\NewsBarHCI.csproj", "{DB45DADE-0B1C-4356-B9AF-CEFEA9AB50F0}"
EndProject
Project("{FAE04EC0-301F-11D3-BF4B-00C04F79EFBC}") = "NewsBarCore", "NewsBarCore\NewsBarCore.csproj", "{C6836955-B044-42C3-918C-EF208824F062}"
EndProject
Global
	GlobalSection(SolutionConfigurationPlatforms) = preSolution
		Debug|Any CPU = Debug|Any CPU
		Release|Any CPU = Release|Any CPU
	EndGlobalSection
	GlobalSection(ProjectConfigurationPlatforms) = postSolution
		{DB45DADE-0B1C-4356-B9AF-CEFEA9AB50F0}.Debug|Any CPU.ActiveCfg = Debug|Any CPU
		{DB45DADE-0B1C-4356-B9AF-CEFEA9AB50F0}.Debug|Any CPU.Build.0 = Debug|Any CPU
		{DB45DADE-0B1C-4356-B9AF-CEFEA9AB50F0}.Release|Any CPU.ActiveCfg = Release|Any CPU
		{DB45DADE-0B1C-4356-B9AF-CEFEA9AB50F0}.Release|Any CPU.Build.0 = Release|Any CPU
		{C6836955-B044-42C3-918C-EF208824F062}.Debug|Any CPU.ActiveCfg = Debug|Any CPU
		{C6836955-B044-42C3-918C-EF208824F062}.Debug|Any CPU.Build.0 = Debug|Any CPU
		{C6836955-B044-42C3-918C-EF208824F062}.Release|Any CPU.ActiveCfg = Release|Any CPU
		{C6836955-B044-42C3-918C-EF208824F062}.Release|Any CPU.Build.0 = Release|Any CPU
	EndGlobalSection
	GlobalSection(SolutionProperties) = preSolution
		HideSolutionNode = FALSE
	EndGlobalSection
	GlobalSection(ExtensibilityGlobals) = postSolution
		SolutionGuid = {017D978B-1476-4DD0-AAFD-43CD6FDBCFF8}
	EndGlobalSection
EndGlobal
